lockfileVersion: '6.0'

settings:
  autoInstallPeers: true
  excludeLinksFromLockfile: false

devDependencies:
  '@babel/core':
    specifier: 7.2.0
    version: 7.2.0
  parcel-bundler:
    specifier: ^1.6.1
    version: 1.6.1

packages:

  /@babel/code-frame@7.23.5:
    resolution: {integrity: sha512-CgH3s1a96LipHCmSUmYFPwY7MNx8C3avkq7i4Wl3cfa662ldtUe4VM1TPXX70pfmrlWTb6jLqTYrZyT2ZTJBgA==}
    engines: {node: '>=6.9.0'}
    dependencies:
      '@babel/highlight': 7.23.4
      chalk: 2.4.2
    dev: true

  /@babel/core@7.2.0:
    resolution: {integrity: sha512-7pvAdC4B+iKjFFp9Ztj0QgBndJ++qaMeonT185wAqUnhipw8idm9Rv1UMyBuKtYjfl6ORNkgEgcsYLfHX/GpLw==}
    engines: {node: '>=6.9.0'}
    dependencies:
      '@babel/code-frame': 7.23.5
      '@babel/generator': 7.23.6
      '@babel/helpers': 7.23.9
      '@babel/parser': 7.23.9
      '@babel/template': 7.23.9
      '@babel/traverse': 7.23.9
      '@babel/types': 7.23.9
      convert-source-map: 1.9.0
      debug: 4.3.4
      json5: 2.2.3
      lodash: 4.17.21
      resolve: 1.22.8
      semver: 5.7.2
      source-map: 0.5.7
    transitivePeerDependencies:
      - supports-color
    dev: true

  /@babel/generator@7.23.6:
    resolution: {integrity: sha512-qrSfCYxYQB5owCmGLbl8XRpX1ytXlpueOb0N0UmQwA073KZxejgQTzAmJezxvpwQD9uGtK2shHdi55QT+MbjIw==}
    engines: {node: '>=6.9.0'}
    dependencies:
      '@babel/types': 7.23.9
      '@jridgewell/gen-mapping': 0.3.3
      '@jridgewell/trace-mapping': 0.3.22
      jsesc: 2.5.2
    dev: true

  /@babel/helper-environment-visitor@7.22.20:
    resolution: {integrity: sha512-zfedSIzFhat/gFhWfHtgWvlec0nqB9YEIVrpuwjruLlXfUSnA8cJB0miHKwqDnQ7d32aKo2xt88/xZptwxbfhA==}
    engines: {node: '>=6.9.0'}
    dev: true

  /@babel/helper-function-name@7.23.0:
    resolution: {integrity: sha512-OErEqsrxjZTJciZ4Oo+eoZqeW9UIiOcuYKRJA4ZAgV9myA+pOXhhmpfNCKjEH/auVfEYVFJ6y1Tc4r0eIApqiw==}
    engines: {node: '>=6.9.0'}
    dependencies:
      '@babel/template': 7.23.9
      '@babel/types': 7.23.9
    dev: true

  /@babel/helper-hoist-variables@7.22.5:
    resolution: {integrity: sha512-wGjk9QZVzvknA6yKIUURb8zY3grXCcOZt+/7Wcy8O2uctxhplmUPkOdlgoNhmdVee2c92JXbf1xpMtVNbfoxRw==}
    engines: {node: '>=6.9.0'}
    dependencies:
      '@babel/types': 7.23.9
    dev: true

  /@babel/helper-split-export-declaration@7.22.6:
    resolution: {integrity: sha512-AsUnxuLhRYsisFiaJwvp1QF+I3KjD5FOxut14q/GzovUe6orHLesW2C7d754kRm53h5gqrz6sFl6sxc4BVtE/g==}
    engines: {node: '>=6.9.0'}
    dependencies:
      '@babel/types': 7.23.9
    dev: true

  /@babel/helper-string-parser@7.23.4:
    resolution: {integrity: sha512-803gmbQdqwdf4olxrX4AJyFBV/RTr3rSmOj0rKwesmzlfhYNDEs+/iOcznzpNWlJlIlTJC2QfPFcHB6DlzdVLQ==}
    engines: {node: '>=6.9.0'}
    dev: true